{
  "nodes": {
    "home-manager": {
      "inputs": {
        "nixpkgs": "nixpkgs"
      },
      "locked": {
        "lastModified": 1634743337,
        "narHash": "sha256-CrevqYUr8MhfAken+vk4dz20z3auI/ytP7qsKITxlqw=",
        "owner": "nix-community",
        "repo": "home-manager",
        "rev": "91155a98ed126553deb8696b25556d782d2a5450",
        "type": "github"
      },
      "original": {
        "owner": "nix-community",
        "repo": "home-manager",
        "type": "github"
      }
    },
    "nixpkgs": {
      "locked": {
        "lastModified": 1634811305,
        "narHash": "sha256-zl0yod4ZTRqCxA4mNbS4huZNrSZCCiuYMyZgXQeGc8A=",
        "owner": "NixOS",
        "repo": "nixpkgs",
        "rev": "670c69cb9b66491ce3763154740b182c7c89a1c6",
        "type": "github"
      },
      "original": {
        "id": "nixpkgs",
        "type": "indirect"
      }
    },
    "nixpkgs_2": {
      "locked": {
        "lastModified": 1634515797,
        "narHash": "sha256-elgCUC2khtBkOSpE4gDymNvthTZAI4hGI2iNu3YEUkA=",
        "owner": "nixos",
        "repo": "nixpkgs",
        "rev": "5f0194220f2402b06f7f79bba6351895facb5acb",
        "type": "github"
      },
      "original": {
        "owner": "nixos",
        "ref": "nixos-unstable",
        "repo": "nixpkgs",
        "type": "github"
      }
    },
    "root": {
      "inputs": {
        "home-manager": "home-manager",
        "nixpkgs": "nixpkgs_2"
      }
    }
  },
  "root": "root",
  "version": 7
}
